
Microsoft Visual Studio Solution File, Format Version 12.00
# Visual Studio Version 16
VisualStudioVersion = 16.0.30621.155
MinimumVisualStudioVersion = 10.0.40219.1
Project("{FAE04EC0-301F-11D3-BF4B-00C04F79EFBC}") = "TestConsoleApp", "TestConsoleApp\TestConsoleApp.csproj", "{E431036D-A59C-4355-83D2-5CF961E7DFD1}"
EndProject
Project("{FAE04EC0-301F-11D3-BF4B-00C04F79EFBC}") = "LINQtest", "LINQtest\LINQtest.csproj", "{2C5C22CA-BFF7-4A17-9E6D-93AA2F24A0D5}"
EndProject
Project("{FAE04EC0-301F-11D3-BF4B-00C04F79EFBC}") = "RefTypeValTypeParams", "RefTypeValTypeParams\RefTypeValTypeParams.csproj", "{980617F4-60CD-4EFC-BE66-30334A352B92}"
EndProject
Project("{FAE04EC0-301F-11D3-BF4B-00C04F79EFBC}") = "NullableTypes", "NullableTypes\NullableTypes.csproj", "{005CDD1F-6C41-483C-B869-DFFD00238ABF}"
EndProject
Project("{FAE04EC0-301F-11D3-BF4B-00C04F79EFBC}") = "FunWithTuples", "FunWithTuples\FunWithTuples.csproj", "{03740C6C-41F9-42A4-99B2-39DE60960732}"
EndProject
Project("{FAE04EC0-301F-11D3-BF4B-00C04F79EFBC}") = "SimpleClassExample", "SimpleClassExample\SimpleClassExample.csproj", "{DCC6159A-587A-4FC2-B659-3C112773EA71}"
EndProject
Project("{FAE04EC0-301F-11D3-BF4B-00C04F79EFBC}") = "Tester", "Tester\Tester.csproj", "{DC8BF349-C63E-48A9-8293-52A7DE2A97E2}"
EndProject
Project("{FAE04EC0-301F-11D3-BF4B-00C04F79EFBC}") = "StaticDataAndMembers", "StaticDataAndMembers\StaticDataAndMembers.csproj", "{5F178313-027B-4EBC-AC5F-9368D5A0AE5D}"
EndProject
Project("{FAE04EC0-301F-11D3-BF4B-00C04F79EFBC}") = "SimpleUtilityClass", "SimpleUtilityClass\SimpleUtilityClass.csproj", "{FA8A40C4-DE04-4812-B6D9-1C55FE33948E}"
EndProject
Project("{FAE04EC0-301F-11D3-BF4B-00C04F79EFBC}") = "EmployeeApp", "EmployeeApp\EmployeeApp.csproj", "{1CF71014-3BC1-4B4A-9951-862F6EA058C0}"
EndProject
Global
	GlobalSection(SolutionConfigurationPlatforms) = preSolution
		Debug|Any CPU = Debug|Any CPU
		Release|Any CPU = Release|Any CPU
	EndGlobalSection
	GlobalSection(ProjectConfigurationPlatforms) = postSolution
		{E431036D-A59C-4355-83D2-5CF961E7DFD1}.Debug|Any CPU.ActiveCfg = Debug|Any CPU
		{E431036D-A59C-4355-83D2-5CF961E7DFD1}.Debug|Any CPU.Build.0 = Debug|Any CPU
		{E431036D-A59C-4355-83D2-5CF961E7DFD1}.Release|Any CPU.ActiveCfg = Release|Any CPU
		{E431036D-A59C-4355-83D2-5CF961E7DFD1}.Release|Any CPU.Build.0 = Release|Any CPU
		{2C5C22CA-BFF7-4A17-9E6D-93AA2F24A0D5}.Debug|Any CPU.ActiveCfg = Debug|Any CPU
		{2C5C22CA-BFF7-4A17-9E6D-93AA2F24A0D5}.Debug|Any CPU.Build.0 = Debug|Any CPU
		{2C5C22CA-BFF7-4A17-9E6D-93AA2F24A0D5}.Release|Any CPU.ActiveCfg = Release|Any CPU
		{2C5C22CA-BFF7-4A17-9E6D-93AA2F24A0D5}.Release|Any CPU.Build.0 = Release|Any CPU
		{980617F4-60CD-4EFC-BE66-30334A352B92}.Debug|Any CPU.ActiveCfg = Debug|Any CPU
		{980617F4-60CD-4EFC-BE66-30334A352B92}.Debug|Any CPU.Build.0 = Debug|Any CPU
		{980617F4-60CD-4EFC-BE66-30334A352B92}.Release|Any CPU.ActiveCfg = Release|Any CPU
		{980617F4-60CD-4EFC-BE66-30334A352B92}.Release|Any CPU.Build.0 = Release|Any CPU
		{005CDD1F-6C41-483C-B869-DFFD00238ABF}.Debug|Any CPU.ActiveCfg = Debug|Any CPU
		{005CDD1F-6C41-483C-B869-DFFD00238ABF}.Debug|Any CPU.Build.0 = Debug|Any CPU
		{005CDD1F-6C41-483C-B869-DFFD00238ABF}.Release|Any CPU.ActiveCfg = Release|Any CPU
		{005CDD1F-6C41-483C-B869-DFFD00238ABF}.Release|Any CPU.Build.0 = Release|Any CPU
		{03740C6C-41F9-42A4-99B2-39DE60960732}.Debug|Any CPU.ActiveCfg = Debug|Any CPU
		{03740C6C-41F9-42A4-99B2-39DE60960732}.Debug|Any CPU.Build.0 = Debug|Any CPU
		{03740C6C-41F9-42A4-99B2-39DE60960732}.Release|Any CPU.ActiveCfg = Release|Any CPU
		{03740C6C-41F9-42A4-99B2-39DE60960732}.Release|Any CPU.Build.0 = Release|Any CPU
		{DCC6159A-587A-4FC2-B659-3C112773EA71}.Debug|Any CPU.ActiveCfg = Debug|Any CPU
		{DCC6159A-587A-4FC2-B659-3C112773EA71}.Debug|Any CPU.Build.0 = Debug|Any CPU
		{DCC6159A-587A-4FC2-B659-3C112773EA71}.Release|Any CPU.ActiveCfg = Release|Any CPU
		{DCC6159A-587A-4FC2-B659-3C112773EA71}.Release|Any CPU.Build.0 = Release|Any CPU
		{DC8BF349-C63E-48A9-8293-52A7DE2A97E2}.Debug|Any CPU.ActiveCfg = Debug|Any CPU
		{DC8BF349-C63E-48A9-8293-52A7DE2A97E2}.Debug|Any CPU.Build.0 = Debug|Any CPU
		{DC8BF349-C63E-48A9-8293-52A7DE2A97E2}.Release|Any CPU.ActiveCfg = Release|Any CPU
		{DC8BF349-C63E-48A9-8293-52A7DE2A97E2}.Release|Any CPU.Build.0 = Release|Any CPU
		{5F178313-027B-4EBC-AC5F-9368D5A0AE5D}.Debug|Any CPU.ActiveCfg = Debug|Any CPU
		{5F178313-027B-4EBC-AC5F-9368D5A0AE5D}.Debug|Any CPU.Build.0 = Debug|Any CPU
		{5F178313-027B-4EBC-AC5F-9368D5A0AE5D}.Release|Any CPU.ActiveCfg = Release|Any CPU
		{5F178313-027B-4EBC-AC5F-9368D5A0AE5D}.Release|Any CPU.Build.0 = Release|Any CPU
		{FA8A40C4-DE04-4812-B6D9-1C55FE33948E}.Debug|Any CPU.ActiveCfg = Debug|Any CPU
		{FA8A40C4-DE04-4812-B6D9-1C55FE33948E}.Debug|Any CPU.Build.0 = Debug|Any CPU
		{FA8A40C4-DE04-4812-B6D9-1C55FE33948E}.Release|Any CPU.ActiveCfg = Release|Any CPU
		{FA8A40C4-DE04-4812-B6D9-1C55FE33948E}.Release|Any CPU.Build.0 = Release|Any CPU
		{1CF71014-3BC1-4B4A-9951-862F6EA058C0}.Debug|Any CPU.ActiveCfg = Debug|Any CPU
		{1CF71014-3BC1-4B4A-9951-862F6EA058C0}.Debug|Any CPU.Build.0 = Debug|Any CPU
		{1CF71014-3BC1-4B4A-9951-862F6EA058C0}.Release|Any CPU.ActiveCfg = Release|Any CPU
		{1CF71014-3BC1-4B4A-9951-862F6EA058C0}.Release|Any CPU.Build.0 = Release|Any CPU
	EndGlobalSection
	GlobalSection(SolutionProperties) = preSolution
		HideSolutionNode = FALSE
	EndGlobalSection
	GlobalSection(ExtensibilityGlobals) = postSolution
		SolutionGuid = {544B4B8B-CBF7-45FF-B535-D2B45E9A075A}
	EndGlobalSection
EndGlobal
